
Microsoft Visual Studio Solution File, Format Version 12.00
Project("{FAE04EC0-301F-11D3-BF4B-00C04F79EFBC}") = "HumiditySensor.API", "HumiditySensor.API\HumiditySensor.API.csproj", "{83109226-3BA5-4FB6-84A5-9298E8C7C730}"
EndProject
Project("{FAE04EC0-301F-11D3-BF4B-00C04F79EFBC}") = "HumiditySensor.Contracts", "HumiditySensor.Contracts\HumiditySensor.Contracts.csproj", "{D3D9E1BC-0EF6-45AD-948A-A0C1CFE25070}"
EndProject
Project("{FAE04EC0-301F-11D3-BF4B-00C04F79EFBC}") = "HumiditySensor.Application", "HumiditySensor.Application\HumiditySensor.Application.csproj", "{32D04848-61A4-4086-9134-00166AFA296B}"
EndProject
Global
	GlobalSection(SolutionConfigurationPlatforms) = preSolution
		Debug|Any CPU = Debug|Any CPU
		Release|Any CPU = Release|Any CPU
	EndGlobalSection
	GlobalSection(ProjectConfigurationPlatforms) = postSolution
		{83109226-3BA5-4FB6-84A5-9298E8C7C730}.Debug|Any CPU.ActiveCfg = Debug|Any CPU
		{83109226-3BA5-4FB6-84A5-9298E8C7C730}.Debug|Any CPU.Build.0 = Debug|Any CPU
		{83109226-3BA5-4FB6-84A5-9298E8C7C730}.Release|Any CPU.ActiveCfg = Release|Any CPU
		{83109226-3BA5-4FB6-84A5-9298E8C7C730}.Release|Any CPU.Build.0 = Release|Any CPU
		{D3D9E1BC-0EF6-45AD-948A-A0C1CFE25070}.Debug|Any CPU.ActiveCfg = Debug|Any CPU
		{D3D9E1BC-0EF6-45AD-948A-A0C1CFE25070}.Debug|Any CPU.Build.0 = Debug|Any CPU
		{D3D9E1BC-0EF6-45AD-948A-A0C1CFE25070}.Release|Any CPU.ActiveCfg = Release|Any CPU
		{D3D9E1BC-0EF6-45AD-948A-A0C1CFE25070}.Release|Any CPU.Build.0 = Release|Any CPU
		{32D04848-61A4-4086-9134-00166AFA296B}.Debug|Any CPU.ActiveCfg = Debug|Any CPU
		{32D04848-61A4-4086-9134-00166AFA296B}.Debug|Any CPU.Build.0 = Debug|Any CPU
		{32D04848-61A4-4086-9134-00166AFA296B}.Release|Any CPU.ActiveCfg = Release|Any CPU
		{32D04848-61A4-4086-9134-00166AFA296B}.Release|Any CPU.Build.0 = Release|Any CPU
	EndGlobalSection
EndGlobal
